
Microsoft Visual Studio Solution File, Format Version 12.00
# Visual Studio Version 17
VisualStudioVersion = 17.0.31903.59
MinimumVisualStudioVersion = 10.0.40219.1
Project("{FAE04EC0-301F-11D3-BF4B-00C04F79EFBC}") = "paysys.webapi", "paysys.webapi\paysys.webapi.csproj", "{C799EEB5-1198-4A6C-8C89-35A0E4ED2867}"
EndProject
Project("{FAE04EC0-301F-11D3-BF4B-00C04F79EFBC}") = "paysys.tests", "paysys.tests\paysys.tests.csproj", "{3DD3C71C-0753-4391-80FA-2591BB12931F}"
EndProject
Global
	GlobalSection(SolutionConfigurationPlatforms) = preSolution
		Debug|Any CPU = Debug|Any CPU
		Release|Any CPU = Release|Any CPU
	EndGlobalSection
	GlobalSection(SolutionProperties) = preSolution
		HideSolutionNode = FALSE
	EndGlobalSection
	GlobalSection(ProjectConfigurationPlatforms) = postSolution
		{C799EEB5-1198-4A6C-8C89-35A0E4ED2867}.Debug|Any CPU.ActiveCfg = Debug|Any CPU
		{C799EEB5-1198-4A6C-8C89-35A0E4ED2867}.Debug|Any CPU.Build.0 = Debug|Any CPU
		{C799EEB5-1198-4A6C-8C89-35A0E4ED2867}.Release|Any CPU.ActiveCfg = Release|Any CPU
		{C799EEB5-1198-4A6C-8C89-35A0E4ED2867}.Release|Any CPU.Build.0 = Release|Any CPU
		{3DD3C71C-0753-4391-80FA-2591BB12931F}.Debug|Any CPU.ActiveCfg = Debug|Any CPU
		{3DD3C71C-0753-4391-80FA-2591BB12931F}.Debug|Any CPU.Build.0 = Debug|Any CPU
		{3DD3C71C-0753-4391-80FA-2591BB12931F}.Release|Any CPU.ActiveCfg = Release|Any CPU
		{3DD3C71C-0753-4391-80FA-2591BB12931F}.Release|Any CPU.Build.0 = Release|Any CPU
	EndGlobalSection
EndGlobal
